// !$*UTF8*$!
{
	archiveVersion = 1;
	classes = {
	};
	objectVersion = 50;
	objects = {

/* Begin PBXBuildFile section */
		141A8A4D212813D400362A47 /* Search.storyboard in Resources */ = {isa = PBXBuildFile; fileRef = 141A8A4C212813D400362A47 /* Search.storyboard */; };
		141A8A4F212813E500362A47 /* SearchViewController.swift in Sources */ = {isa = PBXBuildFile; fileRef = 141A8A4E212813E500362A47 /* SearchViewController.swift */; };
		141A8A512128278200362A47 /* SearchResultViewController.swift in Sources */ = {isa = PBXBuildFile; fileRef = 141A8A502128278200362A47 /* SearchResultViewController.swift */; };
		141A8A5321282C8700362A47 /* TypeView.xib in Resources */ = {isa = PBXBuildFile; fileRef = 141A8A5221282C8700362A47 /* TypeView.xib */; };
		141A8A5521282C9300362A47 /* TypeView.swift in Sources */ = {isa = PBXBuildFile; fileRef = 141A8A5421282C9200362A47 /* TypeView.swift */; };
		141A8A5721290DE200362A47 /* Me.swift in Sources */ = {isa = PBXBuildFile; fileRef = 141A8A5621290DE200362A47 /* Me.swift */; };
		141A8A592129146E00362A47 /* ApiManager.swift in Sources */ = {isa = PBXBuildFile; fileRef = 141A8A582129146E00362A47 /* ApiManager.swift */; };
		143DD4682127F45B00F5979D /* MyPage.storyboard in Resources */ = {isa = PBXBuildFile; fileRef = 143DD4672127F45B00F5979D /* MyPage.storyboard */; };
		143DD46A2127F46800F5979D /* MyPageViewController.swift in Sources */ = {isa = PBXBuildFile; fileRef = 143DD4692127F46800F5979D /* MyPageViewController.swift */; };
		143DD46C2127FDC500F5979D /* Filter.storyboard in Resources */ = {isa = PBXBuildFile; fileRef = 143DD46B2127FDC500F5979D /* Filter.storyboard */; };
		143DD46E2127FDD400F5979D /* FilterViewController.swift in Sources */ = {isa = PBXBuildFile; fileRef = 143DD46D2127FDD400F5979D /* FilterViewController.swift */; };
		143DD4762128073900F5979D /* FilterCollectionViewCell.xib in Resources */ = {isa = PBXBuildFile; fileRef = 143DD4742128073900F5979D /* FilterCollectionViewCell.xib */; };
		14587D772122A9D400F13CCA /* UIFont+.swift in Sources */ = {isa = PBXBuildFile; fileRef = 14587D762122A9D400F13CCA /* UIFont+.swift */; };
		14587D7A2122D9C100F13CCA /* Post.swift in Sources */ = {isa = PBXBuildFile; fileRef = 14587D792122D9C100F13CCA /* Post.swift */; };
		1463941F212269E800FC601C /* AppDelegate.swift in Sources */ = {isa = PBXBuildFile; fileRef = 1463941E212269E800FC601C /* AppDelegate.swift */; };
		14639424212269E800FC601C /* Main.storyboard in Resources */ = {isa = PBXBuildFile; fileRef = 14639422212269E800FC601C /* Main.storyboard */; };
		14639426212269E900FC601C /* Assets.xcassets in Resources */ = {isa = PBXBuildFile; fileRef = 14639425212269E900FC601C /* Assets.xcassets */; };
		14639429212269E900FC601C /* LaunchScreen.storyboard in Resources */ = {isa = PBXBuildFile; fileRef = 14639427212269E900FC601C /* LaunchScreen.storyboard */; };
		1463943C21226AE100FC601C /* NSObject+.swift in Sources */ = {isa = PBXBuildFile; fileRef = 1463943521226AE100FC601C /* NSObject+.swift */; };
		1463943D21226AE100FC601C /* String+Size.swift in Sources */ = {isa = PBXBuildFile; fileRef = 1463943621226AE100FC601C /* String+Size.swift */; };
		1463943E21226AE100FC601C /* UIAlertController+Show.swift in Sources */ = {isa = PBXBuildFile; fileRef = 1463943721226AE100FC601C /* UIAlertController+Show.swift */; };
		1463943F21226AE100FC601C /* UIApplication+topViewController.swift in Sources */ = {isa = PBXBuildFile; fileRef = 1463943821226AE100FC601C /* UIApplication+topViewController.swift */; };
		1463944021226AE100FC601C /* String+NilOrEmpty.swift in Sources */ = {isa = PBXBuildFile; fileRef = 1463943921226AE100FC601C /* String+NilOrEmpty.swift */; };
		1463944121226AE100FC601C /* NSObject+reuseIdentifier.swift in Sources */ = {isa = PBXBuildFile; fileRef = 1463943A21226AE100FC601C /* NSObject+reuseIdentifier.swift */; };
		1463944221226AE100FC601C /* UIColor+.swift in Sources */ = {isa = PBXBuildFile; fileRef = 1463943B21226AE100FC601C /* UIColor+.swift */; };
		1463944921226AEC00FC601C /* TransparentNavBarService.swift in Sources */ = {isa = PBXBuildFile; fileRef = 1463944321226AEC00FC601C /* TransparentNavBarService.swift */; };
		1463944A21226AEC00FC601C /* EnumCollection.swift in Sources */ = {isa = PBXBuildFile; fileRef = 1463944421226AEC00FC601C /* EnumCollection.swift */; };
		1463944B21226AEC00FC601C /* ShadowRoundService.swift in Sources */ = {isa = PBXBuildFile; fileRef = 1463944521226AEC00FC601C /* ShadowRoundService.swift */; };
		1463944D21226AEC00FC601C /* GradientService.swift in Sources */ = {isa = PBXBuildFile; fileRef = 1463944721226AEC00FC601C /* GradientService.swift */; };
		1463944E21226AEC00FC601C /* KeyboardControlService.swift in Sources */ = {isa = PBXBuildFile; fileRef = 1463944821226AEC00FC601C /* KeyboardControlService.swift */; };
		1463945221226AFB00FC601C /* HomeCollectionViewCell.swift in Sources */ = {isa = PBXBuildFile; fileRef = 1463945021226AFB00FC601C /* HomeCollectionViewCell.swift */; };
		1463945421226B1000FC601C /* Home.storyboard in Resources */ = {isa = PBXBuildFile; fileRef = 1463945321226B1000FC601C /* Home.storyboard */; };
		1463945621226B8800FC601C /* HomeViewController.swift in Sources */ = {isa = PBXBuildFile; fileRef = 1463945521226B8800FC601C /* HomeViewController.swift */; };
		146394662122A8C100FC601C /* NanumSquareBold.ttf in Resources */ = {isa = PBXBuildFile; fileRef = 146394642122A8BD00FC601C /* NanumSquareBold.ttf */; };
		146394672122A8C100FC601C /* NanumSquareExtraBold.ttf in Resources */ = {isa = PBXBuildFile; fileRef = 146394622122A8BD00FC601C /* NanumSquareExtraBold.ttf */; };
		146394682122A8C100FC601C /* NanumSquareLight.ttf in Resources */ = {isa = PBXBuildFile; fileRef = 146394632122A8BD00FC601C /* NanumSquareLight.ttf */; };
		146394692122A8C100FC601C /* NanumSquareRegular.ttf in Resources */ = {isa = PBXBuildFile; fileRef = 146394652122A8BD00FC601C /* NanumSquareRegular.ttf */; };
		14812FE9212BF9F2004AC6F5 /* Category.swift in Sources */ = {isa = PBXBuildFile; fileRef = 14812FE8212BF9F2004AC6F5 /* Category.swift */; };
		3D62673548BC0C0A4027AE41 /* Pods_Mosaic.framework in Frameworks */ = {isa = PBXBuildFile; fileRef = 736F2222DA5719142B55CF54 /* Pods_Mosaic.framework */; };
		FC06DA9E212A505A00B3C35B /* TableCollectionView + SetUp.swift in Sources */ = {isa = PBXBuildFile; fileRef = FC06DA9D212A505A00B3C35B /* TableCollectionView + SetUp.swift */; };
		FC06DAA0212A595C00B3C35B /* Writing.storyboard in Resources */ = {isa = PBXBuildFile; fileRef = FC06DA9F212A595C00B3C35B /* Writing.storyboard */; };
		FC06DAA2212A597400B3C35B /* WritingViewController.swift in Sources */ = {isa = PBXBuildFile; fileRef = FC06DAA1212A597400B3C35B /* WritingViewController.swift */; };
		FC06DAA6212A59F200B3C35B /* AccessoryView.xib in Resources */ = {isa = PBXBuildFile; fileRef = FC06DAA4212A59F200B3C35B /* AccessoryView.xib */; };
		FC06DAA7212A59F200B3C35B /* AccessoryView.swift in Sources */ = {isa = PBXBuildFile; fileRef = FC06DAA5212A59F200B3C35B /* AccessoryView.swift */; };
		FC06DAAB212A5A2200B3C35B /* ImageCollectionViewCell.xib in Resources */ = {isa = PBXBuildFile; fileRef = FC06DAA9212A5A2200B3C35B /* ImageCollectionViewCell.xib */; };
		FC06DAAC212A5A2200B3C35B /* ImageCollectionViewCell.swift in Sources */ = {isa = PBXBuildFile; fileRef = FC06DAAA212A5A2200B3C35B /* ImageCollectionViewCell.swift */; };
		FC06DAB1212A5AF000B3C35B /* ImagePickerControllerPresentable.swift in Sources */ = {isa = PBXBuildFile; fileRef = FC06DAB0212A5AF000B3C35B /* ImagePickerControllerPresentable.swift */; };
		FC06DAB3212A6C6400B3C35B /* UITextView + centerVertically.swift in Sources */ = {isa = PBXBuildFile; fileRef = FC06DAB2212A6C6400B3C35B /* UITextView + centerVertically.swift */; };
		FC06DAB5212AF6CB00B3C35B /* WritingFilterViewController.swift in Sources */ = {isa = PBXBuildFile; fileRef = FC06DAB4212AF6CB00B3C35B /* WritingFilterViewController.swift */; };
		FC06DAB7212AFDF400B3C35B /* UIViewController + create.swift in Sources */ = {isa = PBXBuildFile; fileRef = FC06DAB6212AFDF400B3C35B /* UIViewController + create.swift */; };
		FC06DAB9212D5E2F00B3C35B /* VerticallyCenteredTextView.swift in Sources */ = {isa = PBXBuildFile; fileRef = FC06DAB8212D5E2F00B3C35B /* VerticallyCenteredTextView.swift */; };
		FC06DABE212D624C00B3C35B /* MimicPlaceholderView.xib in Resources */ = {isa = PBXBuildFile; fileRef = FC06DABD212D624C00B3C35B /* MimicPlaceholderView.xib */; };
		FC06DAC0212D62B100B3C35B /* MimicPlaceholderView.swift in Sources */ = {isa = PBXBuildFile; fileRef = FC06DABF212D62B100B3C35B /* MimicPlaceholderView.swift */; };
		FC1ED33F213125EC0071056B /* SignUp.storyboard in Resources */ = {isa = PBXBuildFile; fileRef = FC1ED33E213125EC0071056B /* SignUp.storyboard */; };
		FC54608921312CE10008E564 /* SignUpViewController.swift in Sources */ = {isa = PBXBuildFile; fileRef = FC54608821312CE10008E564 /* SignUpViewController.swift */; };
		FC627774212D9028008BAC6F /* Detail.storyboard in Resources */ = {isa = PBXBuildFile; fileRef = FC627773212D9028008BAC6F /* Detail.storyboard */; };
		FC627776212D903D008BAC6F /* DetailViewController.swift in Sources */ = {isa = PBXBuildFile; fileRef = FC627775212D903D008BAC6F /* DetailViewController.swift */; };
		FC627778212D974B008BAC6F /* CommentAccessoryView.xib in Resources */ = {isa = PBXBuildFile; fileRef = FC627777212D974B008BAC6F /* CommentAccessoryView.xib */; };
		FC62777A212D975A008BAC6F /* CommentAccessoryView.swift in Sources */ = {isa = PBXBuildFile; fileRef = FC627779212D975A008BAC6F /* CommentAccessoryView.swift */; };
		FC62777E212DBF51008BAC6F /* CategoryView.xib in Resources */ = {isa = PBXBuildFile; fileRef = FC62777D212DBF51008BAC6F /* CategoryView.xib */; };
		FC627780212DBF5F008BAC6F /* CategoryView.swift in Sources */ = {isa = PBXBuildFile; fileRef = FC62777F212DBF5F008BAC6F /* CategoryView.swift */; };
		FC627789212E364E008BAC6F /* CommentTableViewCell.swift in Sources */ = {isa = PBXBuildFile; fileRef = FC627787212E364E008BAC6F /* CommentTableViewCell.swift */; };
		FC62778A212E364E008BAC6F /* CommentTableViewCell.xib in Resources */ = {isa = PBXBuildFile; fileRef = FC627788212E364E008BAC6F /* CommentTableViewCell.xib */; };
		FC62778D212E477C008BAC6F /* RECommentTableViewCell.swift in Sources */ = {isa = PBXBuildFile; fileRef = FC62778B212E477C008BAC6F /* RECommentTableViewCell.swift */; };
		FC62778E212E477C008BAC6F /* RECommentTableViewCell.xib in Resources */ = {isa = PBXBuildFile; fileRef = FC62778C212E477C008BAC6F /* RECommentTableViewCell.xib */; };
		FC627791212F8C6C008BAC6F /* PagingImageCollectionView.xib in Resources */ = {isa = PBXBuildFile; fileRef = FC627790212F8C6C008BAC6F /* PagingImageCollectionView.xib */; };
		FC627793212F8C7C008BAC6F /* PagingImageCollectionView.swift in Sources */ = {isa = PBXBuildFile; fileRef = FC627792212F8C7C008BAC6F /* PagingImageCollectionView.swift */; };
		FCB097ED2133027E002E05F6 /* AuthViewController.swift in Sources */ = {isa = PBXBuildFile; fileRef = FCB097EC2133027E002E05F6 /* AuthViewController.swift */; };
		FCB097EF21330CD5002E05F6 /* EmailCheckViewController.swift in Sources */ = {isa = PBXBuildFile; fileRef = FCB097EE21330CD5002E05F6 /* EmailCheckViewController.swift */; };
		FCB097F121354C16002E05F6 /* APIRouter.swift in Sources */ = {isa = PBXBuildFile; fileRef = FCB097F021354C16002E05F6 /* APIRouter.swift */; };
		FCB097F32136514A002E05F6 /* URL.swift in Sources */ = {isa = PBXBuildFile; fileRef = FCB097F22136514A002E05F6 /* URL.swift */; };
		FCB097F5213669B4002E05F6 /* Result.swift in Sources */ = {isa = PBXBuildFile; fileRef = FCB097F4213669B4002E05F6 /* Result.swift */; };
		FCB097F7213669C7002E05F6 /* Model.swift in Sources */ = {isa = PBXBuildFile; fileRef = FCB097F6213669C7002E05F6 /* Model.swift */; };
		FCB097F921366AF1002E05F6 /* LogInService.swift in Sources */ = {isa = PBXBuildFile; fileRef = FCB097F821366AF1002E05F6 /* LogInService.swift */; };
		FCB097FB21366CDE002E05F6 /* APIService.swift in Sources */ = {isa = PBXBuildFile; fileRef = FCB097FA21366CDE002E05F6 /* APIService.swift */; };
		FCB097FD21366D1A002E05F6 /* ArticleService.swift in Sources */ = {isa = PBXBuildFile; fileRef = FCB097FC21366D1A002E05F6 /* ArticleService.swift */; };
		FCB0980021366FB9002E05F6 /* BookMarkService.swift in Sources */ = {isa = PBXBuildFile; fileRef = FCB097FF21366FB9002E05F6 /* BookMarkService.swift */; };
		FCB0980221367395002E05F6 /* MyProfileService.swift in Sources */ = {isa = PBXBuildFile; fileRef = FCB0980121367395002E05F6 /* MyProfileService.swift */; };
		FCB09804213678C9002E05F6 /* CategoryService.swift in Sources */ = {isa = PBXBuildFile; fileRef = FCB09803213678C9002E05F6 /* CategoryService.swift */; };
		FCE9AA8C212FCCB3009FC713 /* CALayer + Border.swift in Sources */ = {isa = PBXBuildFile; fileRef = FCE9AA8B212FCCB3009FC713 /* CALayer + Border.swift */; };
		FCE9AA8E21312359009FC713 /* UIPageControl + shadow.swift in Sources */ = {isa = PBXBuildFile; fileRef = FCE9AA8D21312359009FC713 /* UIPageControl + shadow.swift */; };
/* End PBXBuildFile section */

/* Begin PBXFileReference section */
		141A8A4C212813D400362A47 /* Search.storyboard */ = {isa = PBXFileReference; lastKnownFileType = file.storyboard; path = Search.storyboard; sourceTree = "<group>"; };
		141A8A4E212813E500362A47 /* SearchViewController.swift */ = {isa = PBXFileReference; lastKnownFileType = sourcecode.swift; path = SearchViewController.swift; sourceTree = "<group>"; };
		141A8A502128278200362A47 /* SearchResultViewController.swift */ = {isa = PBXFileReference; lastKnownFileType = sourcecode.swift; path = SearchResultViewController.swift; sourceTree = "<group>"; };
		141A8A5221282C8700362A47 /* TypeView.xib */ = {isa = PBXFileReference; lastKnownFileType = file.xib; path = TypeView.xib; sourceTree = "<group>"; };
		141A8A5421282C9200362A47 /* TypeView.swift */ = {isa = PBXFileReference; lastKnownFileType = sourcecode.swift; path = TypeView.swift; sourceTree = "<group>"; };
		141A8A5621290DE200362A47 /* Me.swift */ = {isa = PBXFileReference; lastKnownFileType = sourcecode.swift; path = Me.swift; sourceTree = "<group>"; };
		141A8A582129146E00362A47 /* ApiManager.swift */ = {isa = PBXFileReference; lastKnownFileType = sourcecode.swift; path = ApiManager.swift; sourceTree = "<group>"; };
		143DD4672127F45B00F5979D /* MyPage.storyboard */ = {isa = PBXFileReference; lastKnownFileType = file.storyboard; path = MyPage.storyboard; sourceTree = "<group>"; };
		143DD4692127F46800F5979D /* MyPageViewController.swift */ = {isa = PBXFileReference; lastKnownFileType = sourcecode.swift; path = MyPageViewController.swift; sourceTree = "<group>"; };
		143DD46B2127FDC500F5979D /* Filter.storyboard */ = {isa = PBXFileReference; lastKnownFileType = file.storyboard; path = Filter.storyboard; sourceTree = "<group>"; };
		143DD46D2127FDD400F5979D /* FilterViewController.swift */ = {isa = PBXFileReference; lastKnownFileType = sourcecode.swift; path = FilterViewController.swift; sourceTree = "<group>"; };
		143DD4742128073900F5979D /* FilterCollectionViewCell.xib */ = {isa = PBXFileReference; lastKnownFileType = file.xib; path = FilterCollectionViewCell.xib; sourceTree = "<group>"; };
		14587D762122A9D400F13CCA /* UIFont+.swift */ = {isa = PBXFileReference; lastKnownFileType = sourcecode.swift; path = "UIFont+.swift"; sourceTree = "<group>"; };
		14587D792122D9C100F13CCA /* Post.swift */ = {isa = PBXFileReference; lastKnownFileType = sourcecode.swift; path = Post.swift; sourceTree = "<group>"; };
		1463941B212269E800FC601C /* Mosaic.app */ = {isa = PBXFileReference; explicitFileType = wrapper.application; includeInIndex = 0; path = Mosaic.app; sourceTree = BUILT_PRODUCTS_DIR; };
		1463941E212269E800FC601C /* AppDelegate.swift */ = {isa = PBXFileReference; lastKnownFileType = sourcecode.swift; path = AppDelegate.swift; sourceTree = "<group>"; };
		14639423212269E800FC601C /* Base */ = {isa = PBXFileReference; lastKnownFileType = file.storyboard; name = Base; path = Base.lproj/Main.storyboard; sourceTree = "<group>"; };
		14639425212269E900FC601C /* Assets.xcassets */ = {isa = PBXFileReference; lastKnownFileType = folder.assetcatalog; path = Assets.xcassets; sourceTree = "<group>"; };
		14639428212269E900FC601C /* Base */ = {isa = PBXFileReference; lastKnownFileType = file.storyboard; name = Base; path = Base.lproj/LaunchScreen.storyboard; sourceTree = "<group>"; };
		1463942A212269E900FC601C /* Info.plist */ = {isa = PBXFileReference; lastKnownFileType = text.plist.xml; path = Info.plist; sourceTree = "<group>"; };
		1463943521226AE100FC601C /* NSObject+.swift */ = {isa = PBXFileReference; fileEncoding = 4; lastKnownFileType = sourcecode.swift; path = "NSObject+.swift"; sourceTree = "<group>"; };
		1463943621226AE100FC601C /* String+Size.swift */ = {isa = PBXFileReference; fileEncoding = 4; lastKnownFileType = sourcecode.swift; path = "String+Size.swift"; sourceTree = "<group>"; };
		1463943721226AE100FC601C /* UIAlertController+Show.swift */ = {isa = PBXFileReference; fileEncoding = 4; lastKnownFileType = sourcecode.swift; path = "UIAlertController+Show.swift"; sourceTree = "<group>"; };
		1463943821226AE100FC601C /* UIApplication+topViewController.swift */ = {isa = PBXFileReference; fileEncoding = 4; lastKnownFileType = sourcecode.swift; path = "UIApplication+topViewController.swift"; sourceTree = "<group>"; };
		1463943921226AE100FC601C /* String+NilOrEmpty.swift */ = {isa = PBXFileReference; fileEncoding = 4; lastKnownFileType = sourcecode.swift; path = "String+NilOrEmpty.swift"; sourceTree = "<group>"; };
		1463943A21226AE100FC601C /* NSObject+reuseIdentifier.swift */ = {isa = PBXFileReference; fileEncoding = 4; lastKnownFileType = sourcecode.swift; path = "NSObject+reuseIdentifier.swift"; sourceTree = "<group>"; };
		1463943B21226AE100FC601C /* UIColor+.swift */ = {isa = PBXFileReference; fileEncoding = 4; lastKnownFileType = sourcecode.swift; path = "UIColor+.swift"; sourceTree = "<group>"; };
		1463944321226AEC00FC601C /* TransparentNavBarService.swift */ = {isa = PBXFileReference; fileEncoding = 4; lastKnownFileType = sourcecode.swift; path = TransparentNavBarService.swift; sourceTree = "<group>"; };
		1463944421226AEC00FC601C /* EnumCollection.swift */ = {isa = PBXFileReference; fileEncoding = 4; lastKnownFileType = sourcecode.swift; path = EnumCollection.swift; sourceTree = "<group>"; };
		1463944521226AEC00FC601C /* ShadowRoundService.swift */ = {isa = PBXFileReference; fileEncoding = 4; lastKnownFileType = sourcecode.swift; path = ShadowRoundService.swift; sourceTree = "<group>"; };
		1463944721226AEC00FC601C /* GradientService.swift */ = {isa = PBXFileReference; fileEncoding = 4; lastKnownFileType = sourcecode.swift; path = GradientService.swift; sourceTree = "<group>"; };
		1463944821226AEC00FC601C /* KeyboardControlService.swift */ = {isa = PBXFileReference; fileEncoding = 4; lastKnownFileType = sourcecode.swift; path = KeyboardControlService.swift; sourceTree = "<group>"; };
		1463945021226AFB00FC601C /* HomeCollectionViewCell.swift */ = {isa = PBXFileReference; fileEncoding = 4; lastKnownFileType = sourcecode.swift; path = HomeCollectionViewCell.swift; sourceTree = "<group>"; };
		1463945321226B1000FC601C /* Home.storyboard */ = {isa = PBXFileReference; fileEncoding = 4; lastKnownFileType = file.storyboard; path = Home.storyboard; sourceTree = "<group>"; };
		1463945521226B8800FC601C /* HomeViewController.swift */ = {isa = PBXFileReference; fileEncoding = 4; lastKnownFileType = sourcecode.swift; path = HomeViewController.swift; sourceTree = "<group>"; };
		146394622122A8BD00FC601C /* NanumSquareExtraBold.ttf */ = {isa = PBXFileReference; lastKnownFileType = file; path = NanumSquareExtraBold.ttf; sourceTree = "<group>"; };
		146394632122A8BD00FC601C /* NanumSquareLight.ttf */ = {isa = PBXFileReference; lastKnownFileType = file; path = NanumSquareLight.ttf; sourceTree = "<group>"; };
		146394642122A8BD00FC601C /* NanumSquareBold.ttf */ = {isa = PBXFileReference; lastKnownFileType = file; path = NanumSquareBold.ttf; sourceTree = "<group>"; };
		146394652122A8BD00FC601C /* NanumSquareRegular.ttf */ = {isa = PBXFileReference; lastKnownFileType = file; path = NanumSquareRegular.ttf; sourceTree = "<group>"; };
		14812FE8212BF9F2004AC6F5 /* Category.swift */ = {isa = PBXFileReference; lastKnownFileType = sourcecode.swift; path = Category.swift; sourceTree = "<group>"; };
		5196FD7F98DEDB51AC5EC75E /* Pods-Mosaic.release.xcconfig */ = {isa = PBXFileReference; includeInIndex = 1; lastKnownFileType = text.xcconfig; name = "Pods-Mosaic.release.xcconfig"; path = "Pods/Target Support Files/Pods-Mosaic/Pods-Mosaic.release.xcconfig"; sourceTree = "<group>"; };
		6FE8D32E4799239E2FBEBA77 /* Pods-Mosaic.debug.xcconfig */ = {isa = PBXFileReference; includeInIndex = 1; lastKnownFileType = text.xcconfig; name = "Pods-Mosaic.debug.xcconfig"; path = "Pods/Target Support Files/Pods-Mosaic/Pods-Mosaic.debug.xcconfig"; sourceTree = "<group>"; };
		736F2222DA5719142B55CF54 /* Pods_Mosaic.framework */ = {isa = PBXFileReference; explicitFileType = wrapper.framework; includeInIndex = 0; path = Pods_Mosaic.framework; sourceTree = BUILT_PRODUCTS_DIR; };
		FC06DA9D212A505A00B3C35B /* TableCollectionView + SetUp.swift */ = {isa = PBXFileReference; lastKnownFileType = sourcecode.swift; path = "TableCollectionView + SetUp.swift"; sourceTree = "<group>"; };
		FC06DA9F212A595C00B3C35B /* Writing.storyboard */ = {isa = PBXFileReference; lastKnownFileType = file.storyboard; path = Writing.storyboard; sourceTree = "<group>"; };
		FC06DAA1212A597400B3C35B /* WritingViewController.swift */ = {isa = PBXFileReference; lastKnownFileType = sourcecode.swift; path = WritingViewController.swift; sourceTree = "<group>"; };
		FC06DAA4212A59F200B3C35B /* AccessoryView.xib */ = {isa = PBXFileReference; fileEncoding = 4; lastKnownFileType = file.xib; path = AccessoryView.xib; sourceTree = "<group>"; };
		FC06DAA5212A59F200B3C35B /* AccessoryView.swift */ = {isa = PBXFileReference; fileEncoding = 4; lastKnownFileType = sourcecode.swift; path = AccessoryView.swift; sourceTree = "<group>"; };
		FC06DAA9212A5A2200B3C35B /* ImageCollectionViewCell.xib */ = {isa = PBXFileReference; fileEncoding = 4; lastKnownFileType = file.xib; path = ImageCollectionViewCell.xib; sourceTree = "<group>"; };
		FC06DAAA212A5A2200B3C35B /* ImageCollectionViewCell.swift */ = {isa = PBXFileReference; fileEncoding = 4; lastKnownFileType = sourcecode.swift; path = ImageCollectionViewCell.swift; sourceTree = "<group>"; };
		FC06DAB0212A5AF000B3C35B /* ImagePickerControllerPresentable.swift */ = {isa = PBXFileReference; lastKnownFileType = sourcecode.swift; path = ImagePickerControllerPresentable.swift; sourceTree = "<group>"; };
		FC06DAB2212A6C6400B3C35B /* UITextView + centerVertically.swift */ = {isa = PBXFileReference; lastKnownFileType = sourcecode.swift; path = "UITextView + centerVertically.swift"; sourceTree = "<group>"; };
		FC06DAB4212AF6CB00B3C35B /* WritingFilterViewController.swift */ = {isa = PBXFileReference; lastKnownFileType = sourcecode.swift; path = WritingFilterViewController.swift; sourceTree = "<group>"; };
		FC06DAB6212AFDF400B3C35B /* UIViewController + create.swift */ = {isa = PBXFileReference; lastKnownFileType = sourcecode.swift; path = "UIViewController + create.swift"; sourceTree = "<group>"; };
		FC06DAB8212D5E2F00B3C35B /* VerticallyCenteredTextView.swift */ = {isa = PBXFileReference; lastKnownFileType = sourcecode.swift; path = VerticallyCenteredTextView.swift; sourceTree = "<group>"; };
		FC06DABD212D624C00B3C35B /* MimicPlaceholderView.xib */ = {isa = PBXFileReference; lastKnownFileType = file.xib; path = MimicPlaceholderView.xib; sourceTree = "<group>"; };
		FC06DABF212D62B100B3C35B /* MimicPlaceholderView.swift */ = {isa = PBXFileReference; lastKnownFileType = sourcecode.swift; path = MimicPlaceholderView.swift; sourceTree = "<group>"; };
		FC1ED33E213125EC0071056B /* SignUp.storyboard */ = {isa = PBXFileReference; lastKnownFileType = file.storyboard; path = SignUp.storyboard; sourceTree = "<group>"; };
		FC54608821312CE10008E564 /* SignUpViewController.swift */ = {isa = PBXFileReference; lastKnownFileType = sourcecode.swift; path = SignUpViewController.swift; sourceTree = "<group>"; };
		FC627773212D9028008BAC6F /* Detail.storyboard */ = {isa = PBXFileReference; lastKnownFileType = file.storyboard; path = Detail.storyboard; sourceTree = "<group>"; };
		FC627775212D903D008BAC6F /* DetailViewController.swift */ = {isa = PBXFileReference; lastKnownFileType = sourcecode.swift; path = DetailViewController.swift; sourceTree = "<group>"; };
		FC627777212D974B008BAC6F /* CommentAccessoryView.xib */ = {isa = PBXFileReference; lastKnownFileType = file.xib; path = CommentAccessoryView.xib; sourceTree = "<group>"; };
		FC627779212D975A008BAC6F /* CommentAccessoryView.swift */ = {isa = PBXFileReference; lastKnownFileType = sourcecode.swift; path = CommentAccessoryView.swift; sourceTree = "<group>"; };
		FC62777D212DBF51008BAC6F /* CategoryView.xib */ = {isa = PBXFileReference; lastKnownFileType = file.xib; path = CategoryView.xib; sourceTree = "<group>"; };
		FC62777F212DBF5F008BAC6F /* CategoryView.swift */ = {isa = PBXFileReference; lastKnownFileType = sourcecode.swift; path = CategoryView.swift; sourceTree = "<group>"; };
		FC627787212E364E008BAC6F /* CommentTableViewCell.swift */ = {isa = PBXFileReference; lastKnownFileType = sourcecode.swift; path = CommentTableViewCell.swift; sourceTree = "<group>"; };
		FC627788212E364E008BAC6F /* CommentTableViewCell.xib */ = {isa = PBXFileReference; lastKnownFileType = file.xib; path = CommentTableViewCell.xib; sourceTree = "<group>"; };
		FC62778B212E477C008BAC6F /* RECommentTableViewCell.swift */ = {isa = PBXFileReference; lastKnownFileType = sourcecode.swift; path = RECommentTableViewCell.swift; sourceTree = "<group>"; };
		FC62778C212E477C008BAC6F /* RECommentTableViewCell.xib */ = {isa = PBXFileReference; lastKnownFileType = file.xib; path = RECommentTableViewCell.xib; sourceTree = "<group>"; };
		FC627790212F8C6C008BAC6F /* PagingImageCollectionView.xib */ = {isa = PBXFileReference; lastKnownFileType = file.xib; path = PagingImageCollectionView.xib; sourceTree = "<group>"; };
		FC627792212F8C7C008BAC6F /* PagingImageCollectionView.swift */ = {isa = PBXFileReference; lastKnownFileType = sourcecode.swift; path = PagingImageCollectionView.swift; sourceTree = "<group>"; };
		FCB097EC2133027E002E05F6 /* AuthViewController.swift */ = {isa = PBXFileReference; lastKnownFileType = sourcecode.swift; path = AuthViewController.swift; sourceTree = "<group>"; };
		FCB097EE21330CD5002E05F6 /* EmailCheckViewController.swift */ = {isa = PBXFileReference; lastKnownFileType = sourcecode.swift; path = EmailCheckViewController.swift; sourceTree = "<group>"; };
		FCB097F021354C16002E05F6 /* APIRouter.swift */ = {isa = PBXFileReference; lastKnownFileType = sourcecode.swift; path = APIRouter.swift; sourceTree = "<group>"; };
		FCB097F22136514A002E05F6 /* URL.swift */ = {isa = PBXFileReference; lastKnownFileType = sourcecode.swift; path = URL.swift; sourceTree = "<group>"; };
		FCB097F4213669B4002E05F6 /* Result.swift */ = {isa = PBXFileReference; lastKnownFileType = sourcecode.swift; path = Result.swift; sourceTree = "<group>"; };
		FCB097F6213669C7002E05F6 /* Model.swift */ = {isa = PBXFileReference; lastKnownFileType = sourcecode.swift; path = Model.swift; sourceTree = "<group>"; };
		FCB097F821366AF1002E05F6 /* LogInService.swift */ = {isa = PBXFileReference; lastKnownFileType = sourcecode.swift; path = LogInService.swift; sourceTree = "<group>"; };
		FCB097FA21366CDE002E05F6 /* APIService.swift */ = {isa = PBXFileReference; lastKnownFileType = sourcecode.swift; path = APIService.swift; sourceTree = "<group>"; };
		FCB097FC21366D1A002E05F6 /* ArticleService.swift */ = {isa = PBXFileReference; lastKnownFileType = sourcecode.swift; path = ArticleService.swift; sourceTree = "<group>"; };
		FCB097FF21366FB9002E05F6 /* BookMarkService.swift */ = {isa = PBXFileReference; lastKnownFileType = sourcecode.swift; path = BookMarkService.swift; sourceTree = "<group>"; };
		FCB0980121367395002E05F6 /* MyProfileService.swift */ = {isa = PBXFileReference; lastKnownFileType = sourcecode.swift; path = MyProfileService.swift; sourceTree = "<group>"; };
		FCB09803213678C9002E05F6 /* CategoryService.swift */ = {isa = PBXFileReference; lastKnownFileType = sourcecode.swift; path = CategoryService.swift; sourceTree = "<group>"; };
		FCE9AA8B212FCCB3009FC713 /* CALayer + Border.swift */ = {isa = PBXFileReference; lastKnownFileType = sourcecode.swift; path = "CALayer + Border.swift"; sourceTree = "<group>"; };
		FCE9AA8D21312359009FC713 /* UIPageControl + shadow.swift */ = {isa = PBXFileReference; lastKnownFileType = sourcecode.swift; path = "UIPageControl + shadow.swift"; sourceTree = "<group>"; };
/* End PBXFileReference section */

/* Begin PBXFrameworksBuildPhase section */
		14639418212269E800FC601C /* Frameworks */ = {
			isa = PBXFrameworksBuildPhase;
			buildActionMask = 2147483647;
			files = (
				3D62673548BC0C0A4027AE41 /* Pods_Mosaic.framework in Frameworks */,
			);
			runOnlyForDeploymentPostprocessing = 0;
		};
/* End PBXFrameworksBuildPhase section */

/* Begin PBXGroup section */
		14587D782122D9AF00F13CCA /* Model */ = {
			isa = PBXGroup;
			children = (
				14587D792122D9C100F13CCA /* Post.swift */,
				141A8A5621290DE200362A47 /* Me.swift */,
				141A8A582129146E00362A47 /* ApiManager.swift */,
				14812FE8212BF9F2004AC6F5 /* Category.swift */,
				FCB097F22136514A002E05F6 /* URL.swift */,
				FCB097F6213669C7002E05F6 /* Model.swift */,
			);
			path = Model;
			sourceTree = "<group>";
		};
		14639412212269E800FC601C = {
			isa = PBXGroup;
			children = (
				1463941D212269E800FC601C /* Mosaic */,
				1463941C212269E800FC601C /* Products */,
				40F5263A8526811E1E5CF97D /* Pods */,
				F81F04355433E5B21E362E22 /* Frameworks */,
			);
			sourceTree = "<group>";
		};
		1463941C212269E800FC601C /* Products */ = {
			isa = PBXGroup;
			children = (
				1463941B212269E800FC601C /* Mosaic.app */,
			);
			name = Products;
			sourceTree = "<group>";
		};
		1463941D212269E800FC601C /* Mosaic */ = {
			isa = PBXGroup;
			children = (
				FCB098052136793F002E05F6 /* API */,
				14587D782122D9AF00F13CCA /* Model */,
				146394592122A7BA00FC601C /* Font */,
				1463943021226AAD00FC601C /* Extension */,
				1463943421226ACA00FC601C /* Storyboard */,
				1463943321226AC200FC601C /* Protocol */,
				1463943221226ABC00FC601C /* View */,
				1463943121226AB200FC601C /* ViewControllers */,
				1463941E212269E800FC601C /* AppDelegate.swift */,
				14639425212269E900FC601C /* Assets.xcassets */,
				14639427212269E900FC601C /* LaunchScreen.storyboard */,
				1463942A212269E900FC601C /* Info.plist */,
			);
			path = Mosaic;
			sourceTree = "<group>";
		};
		1463943021226AAD00FC601C /* Extension */ = {
			isa = PBXGroup;
			children = (
				1463943521226AE100FC601C /* NSObject+.swift */,
				1463943A21226AE100FC601C /* NSObject+reuseIdentifier.swift */,
				1463943921226AE100FC601C /* String+NilOrEmpty.swift */,
				1463943621226AE100FC601C /* String+Size.swift */,
				1463943721226AE100FC601C /* UIAlertController+Show.swift */,
				1463943821226AE100FC601C /* UIApplication+topViewController.swift */,
				1463943B21226AE100FC601C /* UIColor+.swift */,
				14587D762122A9D400F13CCA /* UIFont+.swift */,
				FC06DA9D212A505A00B3C35B /* TableCollectionView + SetUp.swift */,
				FC06DAB2212A6C6400B3C35B /* UITextView + centerVertically.swift */,
				FC06DAB6212AFDF400B3C35B /* UIViewController + create.swift */,
				FCE9AA8B212FCCB3009FC713 /* CALayer + Border.swift */,
				FCE9AA8D21312359009FC713 /* UIPageControl + shadow.swift */,
			);
			path = Extension;
			sourceTree = "<group>";
		};
		1463943121226AB200FC601C /* ViewControllers */ = {
			isa = PBXGroup;
			children = (
				1463945521226B8800FC601C /* HomeViewController.swift */,
				143DD4692127F46800F5979D /* MyPageViewController.swift */,
				143DD46D2127FDD400F5979D /* FilterViewController.swift */,
				141A8A4E212813E500362A47 /* SearchViewController.swift */,
				141A8A502128278200362A47 /* SearchResultViewController.swift */,
				FC54608721312CCE0008E564 /* SignUp */,
				FC54608521312CBD0008E564 /* Writing */,
				FC54608621312CC60008E564 /* Detail */,
			);
			path = ViewControllers;
			sourceTree = "<group>";
		};
		1463943221226ABC00FC601C /* View */ = {
			isa = PBXGroup;
			children = (
				FC62777C212DBF42008BAC6F /* CategoryView */,
				FC06DABA212D622500B3C35B /* MimicPlaceholderView */,
				FC06DAA8212A5A2200B3C35B /* ImageCollectionViewCell */,
				FC06DAA3212A59F200B3C35B /* AccessoryView */,
				FC06DAAD212A5A2900B3C35B /* HomeCollectionViewCell */,
				FC06DAAF212A5A4400B3C35B /* FilterCollectionViewCell */,
				FC06DAAE212A5A3B00B3C35B /* TypeView */,
				FC06DAC1212D6EA900B3C35B /* VerticallyCenteredTextView */,
				FC62777B212D9765008BAC6F /* CommentAccessoryView */,
				FC627786212E363A008BAC6F /* CommentTableViewCell */,
				FC62778F212E4786008BAC6F /* RECommentTableViewCell */,
				FC627794212F8C95008BAC6F /* PagingImageCollectionView */,
			);
			path = View;
			sourceTree = "<group>";
		};
		1463943321226AC200FC601C /* Protocol */ = {
			isa = PBXGroup;
			children = (
				1463944421226AEC00FC601C /* EnumCollection.swift */,
				1463944721226AEC00FC601C /* GradientService.swift */,
				1463944821226AEC00FC601C /* KeyboardControlService.swift */,
				1463944521226AEC00FC601C /* ShadowRoundService.swift */,
				1463944321226AEC00FC601C /* TransparentNavBarService.swift */,
				FC06DAB0212A5AF000B3C35B /* ImagePickerControllerPresentable.swift */,
			);
			path = Protocol;
			sourceTree = "<group>";
		};
		1463943421226ACA00FC601C /* Storyboard */ = {
			isa = PBXGroup;
			children = (
				14639422212269E800FC601C /* Main.storyboard */,
				1463945321226B1000FC601C /* Home.storyboard */,
				143DD4672127F45B00F5979D /* MyPage.storyboard */,
				143DD46B2127FDC500F5979D /* Filter.storyboard */,
				141A8A4C212813D400362A47 /* Search.storyboard */,
				FC06DA9F212A595C00B3C35B /* Writing.storyboard */,
				FC627773212D9028008BAC6F /* Detail.storyboard */,
				FC1ED33E213125EC0071056B /* SignUp.storyboard */,
			);
			path = Storyboard;
			sourceTree = "<group>";
		};
		146394592122A7BA00FC601C /* Font */ = {
			isa = PBXGroup;
			children = (
				146394642122A8BD00FC601C /* NanumSquareBold.ttf */,
				146394622122A8BD00FC601C /* NanumSquareExtraBold.ttf */,
				146394632122A8BD00FC601C /* NanumSquareLight.ttf */,
				146394652122A8BD00FC601C /* NanumSquareRegular.ttf */,
			);
			path = Font;
			sourceTree = "<group>";
		};
		40F5263A8526811E1E5CF97D /* Pods */ = {
			isa = PBXGroup;
			children = (
				6FE8D32E4799239E2FBEBA77 /* Pods-Mosaic.debug.xcconfig */,
				5196FD7F98DEDB51AC5EC75E /* Pods-Mosaic.release.xcconfig */,
			);
			name = Pods;
			sourceTree = "<group>";
		};
		F81F04355433E5B21E362E22 /* Frameworks */ = {
			isa = PBXGroup;
			children = (
				736F2222DA5719142B55CF54 /* Pods_Mosaic.framework */,
			);
			name = Frameworks;
			sourceTree = "<group>";
		};
		FC06DAA3212A59F200B3C35B /* AccessoryView */ = {
			isa = PBXGroup;
			children = (
				FC06DAA4212A59F200B3C35B /* AccessoryView.xib */,
				FC06DAA5212A59F200B3C35B /* AccessoryView.swift */,
			);
			path = AccessoryView;
			sourceTree = "<group>";
		};
		FC06DAA8212A5A2200B3C35B /* ImageCollectionViewCell */ = {
			isa = PBXGroup;
			children = (
				FC06DAA9212A5A2200B3C35B /* ImageCollectionViewCell.xib */,
				FC06DAAA212A5A2200B3C35B /* ImageCollectionViewCell.swift */,
			);
			path = ImageCollectionViewCell;
			sourceTree = "<group>";
		};
		FC06DAAD212A5A2900B3C35B /* HomeCollectionViewCell */ = {
			isa = PBXGroup;
			children = (
				1463945021226AFB00FC601C /* HomeCollectionViewCell.swift */,
			);
			path = HomeCollectionViewCell;
			sourceTree = "<group>";
		};
		FC06DAAE212A5A3B00B3C35B /* TypeView */ = {
			isa = PBXGroup;
			children = (
				141A8A5421282C9200362A47 /* TypeView.swift */,
				141A8A5221282C8700362A47 /* TypeView.xib */,
			);
			path = TypeView;
			sourceTree = "<group>";
		};
		FC06DAAF212A5A4400B3C35B /* FilterCollectionViewCell */ = {
			isa = PBXGroup;
			children = (
				143DD4742128073900F5979D /* FilterCollectionViewCell.xib */,
			);
			path = FilterCollectionViewCell;
			sourceTree = "<group>";
		};
		FC06DABA212D622500B3C35B /* MimicPlaceholderView */ = {
			isa = PBXGroup;
			children = (
				FC06DABD212D624C00B3C35B /* MimicPlaceholderView.xib */,
				FC06DABF212D62B100B3C35B /* MimicPlaceholderView.swift */,
			);
			path = MimicPlaceholderView;
			sourceTree = "<group>";
		};
		FC06DAC1212D6EA900B3C35B /* VerticallyCenteredTextView */ = {
			isa = PBXGroup;
			children = (
				FC06DAB8212D5E2F00B3C35B /* VerticallyCenteredTextView.swift */,
			);
			path = VerticallyCenteredTextView;
			sourceTree = "<group>";
		};
		FC54608521312CBD0008E564 /* Writing */ = {
			isa = PBXGroup;
			children = (
				FC06DAA1212A597400B3C35B /* WritingViewController.swift */,
				FC06DAB4212AF6CB00B3C35B /* WritingFilterViewController.swift */,
			);
			path = Writing;
			sourceTree = "<group>";
		};
		FC54608621312CC60008E564 /* Detail */ = {
			isa = PBXGroup;
			children = (
				FC627775212D903D008BAC6F /* DetailViewController.swift */,
			);
			path = Detail;
			sourceTree = "<group>";
		};
		FC54608721312CCE0008E564 /* SignUp */ = {
			isa = PBXGroup;
			children = (
				FC54608821312CE10008E564 /* SignUpViewController.swift */,
				FCB097EC2133027E002E05F6 /* AuthViewController.swift */,
				FCB097EE21330CD5002E05F6 /* EmailCheckViewController.swift */,
			);
			path = SignUp;
			sourceTree = "<group>";
		};
		FC62777B212D9765008BAC6F /* CommentAccessoryView */ = {
			isa = PBXGroup;
			children = (
				FC627777212D974B008BAC6F /* CommentAccessoryView.xib */,
				FC627779212D975A008BAC6F /* CommentAccessoryView.swift */,
			);
			path = CommentAccessoryView;
			sourceTree = "<group>";
		};
		FC62777C212DBF42008BAC6F /* CategoryView */ = {
			isa = PBXGroup;
			children = (
				FC62777D212DBF51008BAC6F /* CategoryView.xib */,
				FC62777F212DBF5F008BAC6F /* CategoryView.swift */,
			);
			path = CategoryView;
			sourceTree = "<group>";
		};
		FC627786212E363A008BAC6F /* CommentTableViewCell */ = {
			isa = PBXGroup;
			children = (
				FC627787212E364E008BAC6F /* CommentTableViewCell.swift */,
				FC627788212E364E008BAC6F /* CommentTableViewCell.xib */,
			);
			path = CommentTableViewCell;
			sourceTree = "<group>";
		};
		FC62778F212E4786008BAC6F /* RECommentTableViewCell */ = {
			isa = PBXGroup;
			children = (
				FC62778B212E477C008BAC6F /* RECommentTableViewCell.swift */,
				FC62778C212E477C008BAC6F /* RECommentTableViewCell.xib */,
			);
			path = RECommentTableViewCell;
			sourceTree = "<group>";
		};
		FC627794212F8C95008BAC6F /* PagingImageCollectionView */ = {
			isa = PBXGroup;
			children = (
				FC627790212F8C6C008BAC6F /* PagingImageCollectionView.xib */,
				FC627792212F8C7C008BAC6F /* PagingImageCollectionView.swift */,
			);
			path = PagingImageCollectionView;
			sourceTree = "<group>";
		};
		FCB097FE21366D30002E05F6 /* APIServices */ = {
			isa = PBXGroup;
			children = (
				FCB097FC21366D1A002E05F6 /* ArticleService.swift */,
				FCB097F821366AF1002E05F6 /* LogInService.swift */,
				FCB097FF21366FB9002E05F6 /* BookMarkService.swift */,
				FCB0980121367395002E05F6 /* MyProfileService.swift */,
				FCB09803213678C9002E05F6 /* CategoryService.swift */,
			);
			path = APIServices;
			sourceTree = "<group>";
		};
		FCB098052136793F002E05F6 /* API */ = {
			isa = PBXGroup;
			children = (
				FCB097F4213669B4002E05F6 /* Result.swift */,
				FCB097F021354C16002E05F6 /* APIRouter.swift */,
				FCB097FA21366CDE002E05F6 /* APIService.swift */,
				FCB097FE21366D30002E05F6 /* APIServices */,
			);
			path = API;
			sourceTree = "<group>";
		};
/* End PBXGroup section */

/* Begin PBXNativeTarget section */
		1463941A212269E800FC601C /* Mosaic */ = {
			isa = PBXNativeTarget;
			buildConfigurationList = 1463942D212269E900FC601C /* Build configuration list for PBXNativeTarget "Mosaic" */;
			buildPhases = (
				BCDA239304AA4EC7B55CD9E0 /* [CP] Check Pods Manifest.lock */,
				14639417212269E800FC601C /* Sources */,
				14639418212269E800FC601C /* Frameworks */,
				14639419212269E800FC601C /* Resources */,
				8A4FF8E6362B6CC10E49BBFC /* [CP] Embed Pods Frameworks */,
			);
			buildRules = (
			);
			dependencies = (
			);
			name = Mosaic;
			productName = Mosaic;
			productReference = 1463941B212269E800FC601C /* Mosaic.app */;
			productType = "com.apple.product-type.application";
		};
/* End PBXNativeTarget section */

/* Begin PBXProject section */
		14639413212269E800FC601C /* Project object */ = {
			isa = PBXProject;
			attributes = {
				LastSwiftUpdateCheck = 0940;
				LastUpgradeCheck = 0940;
				ORGANIZATIONNAME = Zedd;
				TargetAttributes = {
					1463941A212269E800FC601C = {
						CreatedOnToolsVersion = 9.4.1;
					};
				};
			};
			buildConfigurationList = 14639416212269E800FC601C /* Build configuration list for PBXProject "Mosaic" */;
			compatibilityVersion = "Xcode 9.3";
			developmentRegion = en;
			hasScannedForEncodings = 0;
			knownRegions = (
				en,
				Base,
			);
			mainGroup = 14639412212269E800FC601C;
			productRefGroup = 1463941C212269E800FC601C /* Products */;
			projectDirPath = "";
			projectRoot = "";
			targets = (
				1463941A212269E800FC601C /* Mosaic */,
			);
		};
/* End PBXProject section */

/* Begin PBXResourcesBuildPhase section */
		14639419212269E800FC601C /* Resources */ = {
			isa = PBXResourcesBuildPhase;
			buildActionMask = 2147483647;
			files = (
				146394682122A8C100FC601C /* NanumSquareLight.ttf in Resources */,
				FC06DAA0212A595C00B3C35B /* Writing.storyboard in Resources */,
				FC62778E212E477C008BAC6F /* RECommentTableViewCell.xib in Resources */,
				FC06DAAB212A5A2200B3C35B /* ImageCollectionViewCell.xib in Resources */,
				143DD4682127F45B00F5979D /* MyPage.storyboard in Resources */,
				14639429212269E900FC601C /* LaunchScreen.storyboard in Resources */,
				143DD4762128073900F5979D /* FilterCollectionViewCell.xib in Resources */,
				FC627791212F8C6C008BAC6F /* PagingImageCollectionView.xib in Resources */,
				141A8A5321282C8700362A47 /* TypeView.xib in Resources */,
				FC62777E212DBF51008BAC6F /* CategoryView.xib in Resources */,
				146394692122A8C100FC601C /* NanumSquareRegular.ttf in Resources */,
				FC62778A212E364E008BAC6F /* CommentTableViewCell.xib in Resources */,
				1463945421226B1000FC601C /* Home.storyboard in Resources */,
				14639426212269E900FC601C /* Assets.xcassets in Resources */,
				FC1ED33F213125EC0071056B /* SignUp.storyboard in Resources */,
				FC06DABE212D624C00B3C35B /* MimicPlaceholderView.xib in Resources */,
				FC06DAA6212A59F200B3C35B /* AccessoryView.xib in Resources */,
				146394672122A8C100FC601C /* NanumSquareExtraBold.ttf in Resources */,
				143DD46C2127FDC500F5979D /* Filter.storyboard in Resources */,
				14639424212269E800FC601C /* Main.storyboard in Resources */,
				FC627774212D9028008BAC6F /* Detail.storyboard in Resources */,
				146394662122A8C100FC601C /* NanumSquareBold.ttf in Resources */,
				141A8A4D212813D400362A47 /* Search.storyboard in Resources */,
				FC627778212D974B008BAC6F /* CommentAccessoryView.xib in Resources */,
			);
			runOnlyForDeploymentPostprocessing = 0;
		};
/* End PBXResourcesBuildPhase section */

/* Begin PBXShellScriptBuildPhase section */
		8A4FF8E6362B6CC10E49BBFC /* [CP] Embed Pods Frameworks */ = {
			isa = PBXShellScriptBuildPhase;
			buildActionMask = 2147483647;
			files = (
			);
			inputPaths = (
				"${SRCROOT}/Pods/Target Support Files/Pods-Mosaic/Pods-Mosaic-frameworks.sh",
				"${BUILT_PRODUCTS_DIR}/Alamofire/Alamofire.framework",
				"${BUILT_PRODUCTS_DIR}/AlamofireObjectMapper/AlamofireObjectMapper.framework",
				"${BUILT_PRODUCTS_DIR}/Hero/Hero.framework",
				"${BUILT_PRODUCTS_DIR}/Kingfisher/Kingfisher.framework",
				"${BUILT_PRODUCTS_DIR}/Moya/Moya.framework",
				"${BUILT_PRODUCTS_DIR}/ObjectMapper/ObjectMapper.framework",
				"${BUILT_PRODUCTS_DIR}/Result/Result.framework",
				"${BUILT_PRODUCTS_DIR}/TLPhotoPicker/TLPhotoPicker.framework",
			);
			name = "[CP] Embed Pods Frameworks";
			outputPaths = (
				"${TARGET_BUILD_DIR}/${FRAMEWORKS_FOLDER_PATH}/Alamofire.framework",
				"${TARGET_BUILD_DIR}/${FRAMEWORKS_FOLDER_PATH}/AlamofireObjectMapper.framework",
				"${TARGET_BUILD_DIR}/${FRAMEWORKS_FOLDER_PATH}/Hero.framework",
				"${TARGET_BUILD_DIR}/${FRAMEWORKS_FOLDER_PATH}/Kingfisher.framework",
				"${TARGET_BUILD_DIR}/${FRAMEWORKS_FOLDER_PATH}/Moya.framework",
				"${TARGET_BUILD_DIR}/${FRAMEWORKS_FOLDER_PATH}/ObjectMapper.framework",
				"${TARGET_BUILD_DIR}/${FRAMEWORKS_FOLDER_PATH}/Result.framework",
				"${TARGET_BUILD_DIR}/${FRAMEWORKS_FOLDER_PATH}/TLPhotoPicker.framework",
			);
			runOnlyForDeploymentPostprocessing = 0;
			shellPath = /bin/sh;
			shellScript = "\"${SRCROOT}/Pods/Target Support Files/Pods-Mosaic/Pods-Mosaic-frameworks.sh\"\n";
			showEnvVarsInLog = 0;
		};
		BCDA239304AA4EC7B55CD9E0 /* [CP] Check Pods Manifest.lock */ = {
			isa = PBXShellScriptBuildPhase;
			buildActionMask = 2147483647;
			files = (
			);
			inputPaths = (
				"${PODS_PODFILE_DIR_PATH}/Podfile.lock",
				"${PODS_ROOT}/Manifest.lock",
			);
			name = "[CP] Check Pods Manifest.lock";
			outputPaths = (
				"$(DERIVED_FILE_DIR)/Pods-Mosaic-checkManifestLockResult.txt",
			);
			runOnlyForDeploymentPostprocessing = 0;
			shellPath = /bin/sh;
			shellScript = "diff \"${PODS_PODFILE_DIR_PATH}/Podfile.lock\" \"${PODS_ROOT}/Manifest.lock\" > /dev/null\nif [ $? != 0 ] ; then\n    # print error to STDERR\n    echo \"error: The sandbox is not in sync with the Podfile.lock. Run 'pod install' or update your CocoaPods installation.\" >&2\n    exit 1\nfi\n# This output is used by Xcode 'outputs' to avoid re-running this script phase.\necho \"SUCCESS\" > \"${SCRIPT_OUTPUT_FILE_0}\"\n";
			showEnvVarsInLog = 0;
		};
/* End PBXShellScriptBuildPhase section */

/* Begin PBXSourcesBuildPhase section */
		14639417212269E800FC601C /* Sources */ = {
			isa = PBXSourcesBuildPhase;
			buildActionMask = 2147483647;
			files = (
				143DD46E2127FDD400F5979D /* FilterViewController.swift in Sources */,
				FCE9AA8C212FCCB3009FC713 /* CALayer + Border.swift in Sources */,
				141A8A512128278200362A47 /* SearchResultViewController.swift in Sources */,
				FC627793212F8C7C008BAC6F /* PagingImageCollectionView.swift in Sources */,
				1463943D21226AE100FC601C /* String+Size.swift in Sources */,
				FC62777A212D975A008BAC6F /* CommentAccessoryView.swift in Sources */,
				1463944B21226AEC00FC601C /* ShadowRoundService.swift in Sources */,
				FCB097ED2133027E002E05F6 /* AuthViewController.swift in Sources */,
				FCB097F7213669C7002E05F6 /* Model.swift in Sources */,
				FC627789212E364E008BAC6F /* CommentTableViewCell.swift in Sources */,
				1463945621226B8800FC601C /* HomeViewController.swift in Sources */,
				FCB097F921366AF1002E05F6 /* LogInService.swift in Sources */,
				FC06DAB1212A5AF000B3C35B /* ImagePickerControllerPresentable.swift in Sources */,
				FC06DAC0212D62B100B3C35B /* MimicPlaceholderView.swift in Sources */,
				141A8A5521282C9300362A47 /* TypeView.swift in Sources */,
				FCB097FD21366D1A002E05F6 /* ArticleService.swift in Sources */,
				1463943C21226AE100FC601C /* NSObject+.swift in Sources */,
				FCB0980221367395002E05F6 /* MyProfileService.swift in Sources */,
				FCB0980021366FB9002E05F6 /* BookMarkService.swift in Sources */,
				141A8A592129146E00362A47 /* ApiManager.swift in Sources */,
				1463944121226AE100FC601C /* NSObject+reuseIdentifier.swift in Sources */,
				1463944A21226AEC00FC601C /* EnumCollection.swift in Sources */,
				FC06DAAC212A5A2200B3C35B /* ImageCollectionViewCell.swift in Sources */,
				FCB097EF21330CD5002E05F6 /* EmailCheckViewController.swift in Sources */,
				FC06DAB5212AF6CB00B3C35B /* WritingFilterViewController.swift in Sources */,
				1463944E21226AEC00FC601C /* KeyboardControlService.swift in Sources */,
				1463945221226AFB00FC601C /* HomeCollectionViewCell.swift in Sources */,
				1463943F21226AE100FC601C /* UIApplication+topViewController.swift in Sources */,
				FCB097F32136514A002E05F6 /* URL.swift in Sources */,
				FCB097FB21366CDE002E05F6 /* APIService.swift in Sources */,
				FC06DAA7212A59F200B3C35B /* AccessoryView.swift in Sources */,
				FCB09804213678C9002E05F6 /* CategoryService.swift in Sources */,
				FC54608921312CE10008E564 /* SignUpViewController.swift in Sources */,
				14587D772122A9D400F13CCA /* UIFont+.swift in Sources */,
				141A8A4F212813E500362A47 /* SearchViewController.swift in Sources */,
				14587D7A2122D9C100F13CCA /* Post.swift in Sources */,
				FC06DAB3212A6C6400B3C35B /* UITextView + centerVertically.swift in Sources */,
				1463941F212269E800FC601C /* AppDelegate.swift in Sources */,
				FC06DAB7212AFDF400B3C35B /* UIViewController + create.swift in Sources */,
				1463944921226AEC00FC601C /* TransparentNavBarService.swift in Sources */,
				FCB097F121354C16002E05F6 /* APIRouter.swift in Sources */,
				1463943E21226AE100FC601C /* UIAlertController+Show.swift in Sources */,
				143DD46A2127F46800F5979D /* MyPageViewController.swift in Sources */,
				FC627776212D903D008BAC6F /* DetailViewController.swift in Sources */,
				FC627780212DBF5F008BAC6F /* CategoryView.swift in Sources */,
				1463944021226AE100FC601C /* String+NilOrEmpty.swift in Sources */,
				FC06DAB9212D5E2F00B3C35B /* VerticallyCenteredTextView.swift in Sources */,
				FC06DA9E212A505A00B3C35B /* TableCollectionView + SetUp.swift in Sources */,
				1463944221226AE100FC601C /* UIColor+.swift in Sources */,
				FCE9AA8E21312359009FC713 /* UIPageControl + shadow.swift in Sources */,
				141A8A5721290DE200362A47 /* Me.swift in Sources */,
				1463944D21226AEC00FC601C /* GradientService.swift in Sources */,
				FC62778D212E477C008BAC6F /* RECommentTableViewCell.swift in Sources */,
				FC06DAA2212A597400B3C35B /* WritingViewController.swift in Sources */,
				14812FE9212BF9F2004AC6F5 /* Category.swift in Sources */,
				FCB097F5213669B4002E05F6 /* Result.swift in Sources */,
			);
			runOnlyForDeploymentPostprocessing = 0;
		};
/* End PBXSourcesBuildPhase section */

/* Begin PBXVariantGroup section */
		14639422212269E800FC601C /* Main.storyboard */ = {
			isa = PBXVariantGroup;
			children = (
				14639423212269E800FC601C /* Base */,
			);
			name = Main.storyboard;
			sourceTree = "<group>";
		};
		14639427212269E900FC601C /* LaunchScreen.storyboard */ = {
			isa = PBXVariantGroup;
			children = (
				14639428212269E900FC601C /* Base */,
			);
			name = LaunchScreen.storyboard;
			sourceTree = "<group>";
		};
/* End PBXVariantGroup section */

/* Begin XCBuildConfiguration section */
		1463942B212269E900FC601C /* Debug */ = {
			isa = XCBuildConfiguration;
			buildSettings = {
				ALWAYS_SEARCH_USER_PATHS = NO;
				CLANG_ANALYZER_NONNULL = YES;
				CLANG_ANALYZER_NUMBER_OBJECT_CONVERSION = YES_AGGRESSIVE;
				CLANG_CXX_LANGUAGE_STANDARD = "gnu++14";
				CLANG_CXX_LIBRARY = "libc++";
				CLANG_ENABLE_MODULES = YES;
				CLANG_ENABLE_OBJC_ARC = YES;
				CLANG_ENABLE_OBJC_WEAK = YES;
				CLANG_WARN_BLOCK_CAPTURE_AUTORELEASING = YES;
				CLANG_WARN_BOOL_CONVERSION = YES;
				CLANG_WARN_COMMA = YES;
				CLANG_WARN_CONSTANT_CONVERSION = YES;
				CLANG_WARN_DEPRECATED_OBJC_IMPLEMENTATIONS = YES;
				CLANG_WARN_DIRECT_OBJC_ISA_USAGE = YES_ERROR;
				CLANG_WARN_DOCUMENTATION_COMMENTS = YES;
				CLANG_WARN_EMPTY_BODY = YES;
				CLANG_WARN_ENUM_CONVERSION = YES;
				CLANG_WARN_INFINITE_RECURSION = YES;
				CLANG_WARN_INT_CONVERSION = YES;
				CLANG_WARN_NON_LITERAL_NULL_CONVERSION = YES;
				CLANG_WARN_OBJC_IMPLICIT_RETAIN_SELF = YES;
				CLANG_WARN_OBJC_LITERAL_CONVERSION = YES;
				CLANG_WARN_OBJC_ROOT_CLASS = YES_ERROR;
				CLANG_WARN_RANGE_LOOP_ANALYSIS = YES;
				CLANG_WARN_STRICT_PROTOTYPES = YES;
				CLANG_WARN_SUSPICIOUS_MOVE = YES;
				CLANG_WARN_UNGUARDED_AVAILABILITY = YES_AGGRESSIVE;
				CLANG_WARN_UNREACHABLE_CODE = YES;
				CLANG_WARN__DUPLICATE_METHOD_MATCH = YES;
				CODE_SIGN_IDENTITY = "iPhone Developer";
				COPY_PHASE_STRIP = NO;
				DEBUG_INFORMATION_FORMAT = dwarf;
				ENABLE_STRICT_OBJC_MSGSEND = YES;
				ENABLE_TESTABILITY = YES;
				GCC_C_LANGUAGE_STANDARD = gnu11;
				GCC_DYNAMIC_NO_PIC = NO;
				GCC_NO_COMMON_BLOCKS = YES;
				GCC_OPTIMIZATION_LEVEL = 0;
				GCC_PREPROCESSOR_DEFINITIONS = (
					"DEBUG=1",
					"$(inherited)",
				);
				GCC_WARN_64_TO_32_BIT_CONVERSION = YES;
				GCC_WARN_ABOUT_RETURN_TYPE = YES_ERROR;
				GCC_WARN_UNDECLARED_SELECTOR = YES;
				GCC_WARN_UNINITIALIZED_AUTOS = YES_AGGRESSIVE;
				GCC_WARN_UNUSED_FUNCTION = YES;
				GCC_WARN_UNUSED_VARIABLE = YES;
				IPHONEOS_DEPLOYMENT_TARGET = 11.4;
				MTL_ENABLE_DEBUG_INFO = YES;
				ONLY_ACTIVE_ARCH = YES;
				SDKROOT = iphoneos;
				SWIFT_ACTIVE_COMPILATION_CONDITIONS = DEBUG;
				SWIFT_OPTIMIZATION_LEVEL = "-Onone";
			};
			name = Debug;
		};
		1463942C212269E900FC601C /* Release */ = {
			isa = XCBuildConfiguration;
			buildSettings = {
				ALWAYS_SEARCH_USER_PATHS = NO;
				CLANG_ANALYZER_NONNULL = YES;
				CLANG_ANALYZER_NUMBER_OBJECT_CONVERSION = YES_AGGRESSIVE;
				CLANG_CXX_LANGUAGE_STANDARD = "gnu++14";
				CLANG_CXX_LIBRARY = "libc++";
				CLANG_ENABLE_MODULES = YES;
				CLANG_ENABLE_OBJC_ARC = YES;
				CLANG_ENABLE_OBJC_WEAK = YES;
				CLANG_WARN_BLOCK_CAPTURE_AUTORELEASING = YES;
				CLANG_WARN_BOOL_CONVERSION = YES;
				CLANG_WARN_COMMA = YES;
				CLANG_WARN_CONSTANT_CONVERSION = YES;
				CLANG_WARN_DEPRECATED_OBJC_IMPLEMENTATIONS = YES;
				CLANG_WARN_DIRECT_OBJC_ISA_USAGE = YES_ERROR;
				CLANG_WARN_DOCUMENTATION_COMMENTS = YES;
				CLANG_WARN_EMPTY_BODY = YES;
				CLANG_WARN_ENUM_CONVERSION = YES;
				CLANG_WARN_INFINITE_RECURSION = YES;
				CLANG_WARN_INT_CONVERSION = YES;
				CLANG_WARN_NON_LITERAL_NULL_CONVERSION = YES;
				CLANG_WARN_OBJC_IMPLICIT_RETAIN_SELF = YES;
				CLANG_WARN_OBJC_LITERAL_CONVERSION = YES;
				CLANG_WARN_OBJC_ROOT_CLASS = YES_ERROR;
				CLANG_WARN_RANGE_LOOP_ANALYSIS = YES;
				CLANG_WARN_STRICT_PROTOTYPES = YES;
				CLANG_WARN_SUSPICIOUS_MOVE = YES;
				CLANG_WARN_UNGUARDED_AVAILABILITY = YES_AGGRESSIVE;
				CLANG_WARN_UNREACHABLE_CODE = YES;
				CLANG_WARN__DUPLICATE_METHOD_MATCH = YES;
				CODE_SIGN_IDENTITY = "iPhone Developer";
				COPY_PHASE_STRIP = NO;
				DEBUG_INFORMATION_FORMAT = "dwarf-with-dsym";
				ENABLE_NS_ASSERTIONS = NO;
				ENABLE_STRICT_OBJC_MSGSEND = YES;
				GCC_C_LANGUAGE_STANDARD = gnu11;
				GCC_NO_COMMON_BLOCKS = YES;
				GCC_WARN_64_TO_32_BIT_CONVERSION = YES;
				GCC_WARN_ABOUT_RETURN_TYPE = YES_ERROR;
				GCC_WARN_UNDECLARED_SELECTOR = YES;
				GCC_WARN_UNINITIALIZED_AUTOS = YES_AGGRESSIVE;
				GCC_WARN_UNUSED_FUNCTION = YES;
				GCC_WARN_UNUSED_VARIABLE = YES;
				IPHONEOS_DEPLOYMENT_TARGET = 11.4;
				MTL_ENABLE_DEBUG_INFO = NO;
				SDKROOT = iphoneos;
				SWIFT_COMPILATION_MODE = wholemodule;
				SWIFT_OPTIMIZATION_LEVEL = "-O";
				VALIDATE_PRODUCT = YES;
			};
			name = Release;
		};
		1463942E212269E900FC601C /* Debug */ = {
			isa = XCBuildConfiguration;
			baseConfigurationReference = 6FE8D32E4799239E2FBEBA77 /* Pods-Mosaic.debug.xcconfig */;
			buildSettings = {
				ASSETCATALOG_COMPILER_APPICON_NAME = AppIcon;
				CODE_SIGN_STYLE = Automatic;
				DEVELOPMENT_TEAM = EPWV8KDDJE;
				INFOPLIST_FILE = Mosaic/Info.plist;
				LD_RUNPATH_SEARCH_PATHS = (
					"$(inherited)",
					"@executable_path/Frameworks",
				);
				PRODUCT_BUNDLE_IDENTIFIER = Zedd.Mosaic;
				PRODUCT_NAME = "$(TARGET_NAME)";
				SWIFT_VERSION = 4.0;
				TARGETED_DEVICE_FAMILY = "1,2";
			};
			name = Debug;
		};
		1463942F212269E900FC601C /* Release */ = {
			isa = XCBuildConfiguration;
			baseConfigurationReference = 5196FD7F98DEDB51AC5EC75E /* Pods-Mosaic.release.xcconfig */;
			buildSettings = {
				ASSETCATALOG_COMPILER_APPICON_NAME = AppIcon;
				CODE_SIGN_STYLE = Automatic;
				DEVELOPMENT_TEAM = EPWV8KDDJE;
				INFOPLIST_FILE = Mosaic/Info.plist;
				LD_RUNPATH_SEARCH_PATHS = (
					"$(inherited)",
					"@executable_path/Frameworks",
				);
				PRODUCT_BUNDLE_IDENTIFIER = Zedd.Mosaic;
				PRODUCT_NAME = "$(TARGET_NAME)";
				SWIFT_VERSION = 4.0;
				TARGETED_DEVICE_FAMILY = "1,2";
			};
			name = Release;
		};
/* End XCBuildConfiguration section */

/* Begin XCConfigurationList section */
		14639416212269E800FC601C /* Build configuration list for PBXProject "Mosaic" */ = {
			isa = XCConfigurationList;
			buildConfigurations = (
				1463942B212269E900FC601C /* Debug */,
				1463942C212269E900FC601C /* Release */,
			);
			defaultConfigurationIsVisible = 0;
			defaultConfigurationName = Release;
		};
		1463942D212269E900FC601C /* Build configuration list for PBXNativeTarget "Mosaic" */ = {
			isa = XCConfigurationList;
			buildConfigurations = (
				1463942E212269E900FC601C /* Debug */,
				1463942F212269E900FC601C /* Release */,
			);
			defaultConfigurationIsVisible = 0;
			defaultConfigurationName = Release;
		};
/* End XCConfigurationList section */
	};
	rootObject = 14639413212269E800FC601C /* Project object */;
}
